
Microsoft Visual Studio Solution File, Format Version 12.00
# Visual Studio 15
VisualStudioVersion = 15.0.26430.16
MinimumVisualStudioVersion = 10.0.40219.1
Project("{FAE04EC0-301F-11D3-BF4B-00C04F79EFBC}") = "WebFormsDocumentViewer", "WebFormsDocumentViewer\WebFormsDocumentViewer.csproj", "{CBB712CD-DC08-4F05-808C-A41024538E0B}"
EndProject
Project("{FAE04EC0-301F-11D3-BF4B-00C04F79EFBC}") = "WebFormsDocumentViewer.UI", "WebFormsDocumentViewer.UI\WebFormsDocumentViewer.UI.csproj", "{FDCC29C0-EE5C-43B1-8109-9DFBD214384C}"
EndProject
Global
	GlobalSection(SolutionConfigurationPlatforms) = preSolution
		Debug|Any CPU = Debug|Any CPU
		Release|Any CPU = Release|Any CPU
	EndGlobalSection
	GlobalSection(ProjectConfigurationPlatforms) = postSolution
		{CBB712CD-DC08-4F05-808C-A41024538E0B}.Debug|Any CPU.ActiveCfg = Debug|Any CPU
		{CBB712CD-DC08-4F05-808C-A41024538E0B}.Debug|Any CPU.Build.0 = Debug|Any CPU
		{CBB712CD-DC08-4F05-808C-A41024538E0B}.Release|Any CPU.ActiveCfg = Release|Any CPU
		{CBB712CD-DC08-4F05-808C-A41024538E0B}.Release|Any CPU.Build.0 = Release|Any CPU
		{FDCC29C0-EE5C-43B1-8109-9DFBD214384C}.Debug|Any CPU.ActiveCfg = Debug|Any CPU
		{FDCC29C0-EE5C-43B1-8109-9DFBD214384C}.Debug|Any CPU.Build.0 = Debug|Any CPU
		{FDCC29C0-EE5C-43B1-8109-9DFBD214384C}.Release|Any CPU.ActiveCfg = Release|Any CPU
		{FDCC29C0-EE5C-43B1-8109-9DFBD214384C}.Release|Any CPU.Build.0 = Release|Any CPU
	EndGlobalSection
	GlobalSection(SolutionProperties) = preSolution
		HideSolutionNode = FALSE
	EndGlobalSection
EndGlobal
